
Microsoft Visual Studio Solution File, Format Version 12.00
# Visual Studio Version 17
VisualStudioVersion = 17.1.32421.90
MinimumVisualStudioVersion = 10.0.40219.1
Project("{FAE04EC0-301F-11D3-BF4B-00C04F79EFBC}") = "ExamenWEB3", "ExamenWEB3.csproj", "{685DCD5D-7D1F-4146-92F9-1F94527AEE1D}"
EndProject
Global
	GlobalSection(SolutionConfigurationPlatforms) = preSolution
		Debug|Any CPU = Debug|Any CPU
		Release|Any CPU = Release|Any CPU
	EndGlobalSection
	GlobalSection(ProjectConfigurationPlatforms) = postSolution
		{685DCD5D-7D1F-4146-92F9-1F94527AEE1D}.Debug|Any CPU.ActiveCfg = Debug|Any CPU
		{685DCD5D-7D1F-4146-92F9-1F94527AEE1D}.Debug|Any CPU.Build.0 = Debug|Any CPU
		{685DCD5D-7D1F-4146-92F9-1F94527AEE1D}.Release|Any CPU.ActiveCfg = Release|Any CPU
		{685DCD5D-7D1F-4146-92F9-1F94527AEE1D}.Release|Any CPU.Build.0 = Release|Any CPU
	EndGlobalSection
	GlobalSection(SolutionProperties) = preSolution
		HideSolutionNode = FALSE
	EndGlobalSection
	GlobalSection(ExtensibilityGlobals) = postSolution
		SolutionGuid = {B6184FA0-4EDF-4258-9B43-B6619609098A}
	EndGlobalSection
EndGlobal
